
Microsoft Visual Studio Solution File, Format Version 12.00
# Visual Studio Version 17
VisualStudioVersion = 17.9.34616.47
MinimumVisualStudioVersion = 10.0.40219.1
Project("{8BC9CEB8-8B4A-11D0-8D11-00A0C91BC942}") = "WDD", "project\WDD_UDP\WDD_UDP.vcxproj", "{FF0926C4-4ABD-44E9-ADD8-F5F16D11D971}"
EndProject
Project("{8BC9CEB8-8B4A-11D0-8D11-00A0C91BC942}") = "WDD_Test", "project\WDD_Test\WDD_Test.vcxproj", "{6F603A65-A0C2-48D2-96FC-DBA8B72DB04C}"
	ProjectSection(ProjectDependencies) = postProject
		{FF0926C4-4ABD-44E9-ADD8-F5F16D11D971} = {FF0926C4-4ABD-44E9-ADD8-F5F16D11D971}
	EndProjectSection
EndProject
Project("{8BC9CEB8-8B4A-11D0-8D11-00A0C91BC942}") = "WddDAQ", "project\WddDAQ\WddDAQ.vcxproj", "{23757A33-C1F2-45D3-9894-316DCC30DDF3}"
	ProjectSection(ProjectDependencies) = postProject
		{FF0926C4-4ABD-44E9-ADD8-F5F16D11D971} = {FF0926C4-4ABD-44E9-ADD8-F5F16D11D971}
	EndProjectSection
EndProject
Global
	GlobalSection(SolutionConfigurationPlatforms) = preSolution
		Debug|x64 = Debug|x64
		Debug|x86 = Debug|x86
		Release|x64 = Release|x64
		Release|x86 = Release|x86
	EndGlobalSection
	GlobalSection(ProjectConfigurationPlatforms) = postSolution
		{FF0926C4-4ABD-44E9-ADD8-F5F16D11D971}.Debug|x64.ActiveCfg = Debug|x64
		{FF0926C4-4ABD-44E9-ADD8-F5F16D11D971}.Debug|x64.Build.0 = Debug|x64
		{FF0926C4-4ABD-44E9-ADD8-F5F16D11D971}.Debug|x86.ActiveCfg = Debug|Win32
		{FF0926C4-4ABD-44E9-ADD8-F5F16D11D971}.Debug|x86.Build.0 = Debug|Win32
		{FF0926C4-4ABD-44E9-ADD8-F5F16D11D971}.Release|x64.ActiveCfg = Release|x64
		{FF0926C4-4ABD-44E9-ADD8-F5F16D11D971}.Release|x64.Build.0 = Release|x64
		{FF0926C4-4ABD-44E9-ADD8-F5F16D11D971}.Release|x86.ActiveCfg = Release|Win32
		{FF0926C4-4ABD-44E9-ADD8-F5F16D11D971}.Release|x86.Build.0 = Release|Win32
		{6F603A65-A0C2-48D2-96FC-DBA8B72DB04C}.Debug|x64.ActiveCfg = Debug|x64
		{6F603A65-A0C2-48D2-96FC-DBA8B72DB04C}.Debug|x64.Build.0 = Debug|x64
		{6F603A65-A0C2-48D2-96FC-DBA8B72DB04C}.Debug|x86.ActiveCfg = Debug|Win32
		{6F603A65-A0C2-48D2-96FC-DBA8B72DB04C}.Debug|x86.Build.0 = Debug|Win32
		{6F603A65-A0C2-48D2-96FC-DBA8B72DB04C}.Release|x64.ActiveCfg = Release|x64
		{6F603A65-A0C2-48D2-96FC-DBA8B72DB04C}.Release|x64.Build.0 = Release|x64
		{6F603A65-A0C2-48D2-96FC-DBA8B72DB04C}.Release|x86.ActiveCfg = Release|Win32
		{6F603A65-A0C2-48D2-96FC-DBA8B72DB04C}.Release|x86.Build.0 = Release|Win32
		{23757A33-C1F2-45D3-9894-316DCC30DDF3}.Debug|x64.ActiveCfg = Debug|x64
		{23757A33-C1F2-45D3-9894-316DCC30DDF3}.Debug|x64.Build.0 = Debug|x64
		{23757A33-C1F2-45D3-9894-316DCC30DDF3}.Debug|x86.ActiveCfg = Debug|Win32
		{23757A33-C1F2-45D3-9894-316DCC30DDF3}.Debug|x86.Build.0 = Debug|Win32
		{23757A33-C1F2-45D3-9894-316DCC30DDF3}.Release|x64.ActiveCfg = Release|x64
		{23757A33-C1F2-45D3-9894-316DCC30DDF3}.Release|x64.Build.0 = Release|x64
		{23757A33-C1F2-45D3-9894-316DCC30DDF3}.Release|x86.ActiveCfg = Release|Win32
		{23757A33-C1F2-45D3-9894-316DCC30DDF3}.Release|x86.Build.0 = Release|Win32
	EndGlobalSection
	GlobalSection(SolutionProperties) = preSolution
		HideSolutionNode = FALSE
	EndGlobalSection
	GlobalSection(ExtensibilityGlobals) = postSolution
		SolutionGuid = {6CB429AB-660C-41D6-9203-71D1651A3A67}
	EndGlobalSection
EndGlobal
